// !$*UTF8*$!
{
	archiveVersion = 1;
	classes = {
	};
	objectVersion = 46;
	objects = {

/* Begin PBXBuildFile section */
		CFD6B139199893560091CD4B /* Foundation.framework in Frameworks */ = {isa = PBXBuildFile; fileRef = CFD6B138199893560091CD4B /* Foundation.framework */; };
		CFD6B13B199893560091CD4B /* CoreGraphics.framework in Frameworks */ = {isa = PBXBuildFile; fileRef = CFD6B13A199893560091CD4B /* CoreGraphics.framework */; };
		CFD6B13D199893560091CD4B /* UIKit.framework in Frameworks */ = {isa = PBXBuildFile; fileRef = CFD6B13C199893560091CD4B /* UIKit.framework */; };
		CFD6B143199893560091CD4B /* InfoPlist.strings in Resources */ = {isa = PBXBuildFile; fileRef = CFD6B141199893560091CD4B /* InfoPlist.strings */; };
		CFD6B145199893560091CD4B /* main.m in Sources */ = {isa = PBXBuildFile; fileRef = CFD6B144199893560091CD4B /* main.m */; };
		CFD6B149199893560091CD4B /* AppDelegate.m in Sources */ = {isa = PBXBuildFile; fileRef = CFD6B148199893560091CD4B /* AppDelegate.m */; };
		CFD6B14C199893560091CD4B /* Main_iPhone.storyboard in Resources */ = {isa = PBXBuildFile; fileRef = CFD6B14A199893560091CD4B /* Main_iPhone.storyboard */; };
		CFD6B14F199893560091CD4B /* Main_iPad.storyboard in Resources */ = {isa = PBXBuildFile; fileRef = CFD6B14D199893560091CD4B /* Main_iPad.storyboard */; };
		CFD6B152199893560091CD4B /* ViewController.m in Sources */ = {isa = PBXBuildFile; fileRef = CFD6B151199893560091CD4B /* ViewController.m */; };
		CFD6B154199893560091CD4B /* Images.xcassets in Resources */ = {isa = PBXBuildFile; fileRef = CFD6B153199893560091CD4B /* Images.xcassets */; };
		CFD6B15B199893560091CD4B /* XCTest.framework in Frameworks */ = {isa = PBXBuildFile; fileRef = CFD6B15A199893560091CD4B /* XCTest.framework */; };
		CFD6B15C199893560091CD4B /* Foundation.framework in Frameworks */ = {isa = PBXBuildFile; fileRef = CFD6B138199893560091CD4B /* Foundation.framework */; };
		CFD6B15D199893560091CD4B /* UIKit.framework in Frameworks */ = {isa = PBXBuildFile; fileRef = CFD6B13C199893560091CD4B /* UIKit.framework */; };
		CFD6B165199893560091CD4B /* InfoPlist.strings in Resources */ = {isa = PBXBuildFile; fileRef = CFD6B163199893560091CD4B /* InfoPlist.strings */; };
		CFD6B167199893560091CD4B /* InstaPhotoTests.m in Sources */ = {isa = PBXBuildFile; fileRef = CFD6B166199893560091CD4B /* InstaPhotoTests.m */; };
/* End PBXBuildFile section */

/* Begin PBXContainerItemProxy section */
		CFD6B15E199893560091CD4B /* PBXContainerItemProxy */ = {
			isa = PBXContainerItemProxy;
			containerPortal = CFD6B12D199893560091CD4B /* Project object */;
			proxyType = 1;
			remoteGlobalIDString = CFD6B134199893560091CD4B;
			remoteInfo = InstaPhoto;
		};
/* End PBXContainerItemProxy section */

/* Begin PBXFileReference section */
		CFD6B135199893560091CD4B /* InstaPhoto.app */ = {isa = PBXFileReference; explicitFileType = wrapper.application; includeInIndex = 0; path = InstaPhoto.app; sourceTree = BUILT_PRODUCTS_DIR; };
		CFD6B138199893560091CD4B /* Foundation.framework */ = {isa = PBXFileReference; lastKnownFileType = wrapper.framework; name = Foundation.framework; path = System/Library/Frameworks/Foundation.framework; sourceTree = SDKROOT; };
		CFD6B13A199893560091CD4B /* CoreGraphics.framework */ = {isa = PBXFileReference; lastKnownFileType = wrapper.framework; name = CoreGraphics.framework; path = System/Library/Frameworks/CoreGraphics.framework; sourceTree = SDKROOT; };
		CFD6B13C199893560091CD4B /* UIKit.framework */ = {isa = PBXFileReference; lastKnownFileType = wrapper.framework; name = UIKit.framework; path = System/Library/Frameworks/UIKit.framework; sourceTree = SDKROOT; };
		CFD6B140199893560091CD4B /* InstaPhoto-Info.plist */ = {isa = PBXFileReference; lastKnownFileType = text.plist.xml; path = "InstaPhoto-Info.plist"; sourceTree = "<group>"; };
		CFD6B142199893560091CD4B /* en */ = {isa = PBXFileReference; lastKnownFileType = text.plist.strings; name = en; path = en.lproj/InfoPlist.strings; sourceTree = "<group>"; };
		CFD6B144199893560091CD4B /* main.m */ = {isa = PBXFileReference; lastKnownFileType = sourcecode.c.objc; path = main.m; sourceTree = "<group>"; };
		CFD6B146199893560091CD4B /* InstaPhoto-Prefix.pch */ = {isa = PBXFileReference; lastKnownFileType = sourcecode.c.h; path = "InstaPhoto-Prefix.pch"; sourceTree = "<group>"; };
		CFD6B147199893560091CD4B /* AppDelegate.h */ = {isa = PBXFileReference; lastKnownFileType = sourcecode.c.h; path = AppDelegate.h; sourceTree = "<group>"; };
		CFD6B148199893560091CD4B /* AppDelegate.m */ = {isa = PBXFileReference; lastKnownFileType = sourcecode.c.objc; path = AppDelegate.m; sourceTree = "<group>"; };
		CFD6B14B199893560091CD4B /* Base */ = {isa = PBXFileReference; lastKnownFileType = file.storyboard; name = Base; path = Base.lproj/Main_iPhone.storyboard; sourceTree = "<group>"; };
		CFD6B14E199893560091CD4B /* Base */ = {isa = PBXFileReference; lastKnownFileType = file.storyboard; name = Base; path = Base.lproj/Main_iPad.storyboard; sourceTree = "<group>"; };
		CFD6B150199893560091CD4B /* ViewController.h */ = {isa = PBXFileReference; lastKnownFileType = sourcecode.c.h; path = ViewController.h; sourceTree = "<group>"; };
		CFD6B151199893560091CD4B /* ViewController.m */ = {isa = PBXFileReference; lastKnownFileType = sourcecode.c.objc; path = ViewController.m; sourceTree = "<group>"; };
		CFD6B153199893560091CD4B /* Images.xcassets */ = {isa = PBXFileReference; lastKnownFileType = folder.assetcatalog; path = Images.xcassets; sourceTree = "<group>"; };
		CFD6B159199893560091CD4B /* InstaPhotoTests.xctest */ = {isa = PBXFileReference; explicitFileType = wrapper.cfbundle; includeInIndex = 0; path = InstaPhotoTests.xctest; sourceTree = BUILT_PRODUCTS_DIR; };
		CFD6B15A199893560091CD4B /* XCTest.framework */ = {isa = PBXFileReference; lastKnownFileType = wrapper.framework; name = XCTest.framework; path = Library/Frameworks/XCTest.framework; sourceTree = DEVELOPER_DIR; };
		CFD6B162199893560091CD4B /* InstaPhotoTests-Info.plist */ = {isa = PBXFileReference; lastKnownFileType = text.plist.xml; path = "InstaPhotoTests-Info.plist"; sourceTree = "<group>"; };
		CFD6B164199893560091CD4B /* en */ = {isa = PBXFileReference; lastKnownFileType = text.plist.strings; name = en; path = en.lproj/InfoPlist.strings; sourceTree = "<group>"; };
		CFD6B166199893560091CD4B /* InstaPhotoTests.m */ = {isa = PBXFileReference; lastKnownFileType = sourcecode.c.objc; path = InstaPhotoTests.m; sourceTree = "<group>"; };
/* End PBXFileReference section */

/* Begin PBXFrameworksBuildPhase section */
		CFD6B132199893560091CD4B /* Frameworks */ = {
			isa = PBXFrameworksBuildPhase;
			buildActionMask = 2147483647;
			files = (
				CFD6B13B199893560091CD4B /* CoreGraphics.framework in Frameworks */,
				CFD6B13D199893560091CD4B /* UIKit.framework in Frameworks */,
				CFD6B139199893560091CD4B /* Foundation.framework in Frameworks */,
			);
			runOnlyForDeploymentPostprocessing = 0;
		};
		CFD6B156199893560091CD4B /* Frameworks */ = {
			isa = PBXFrameworksBuildPhase;
			buildActionMask = 2147483647;
			files = (
				CFD6B15B199893560091CD4B /* XCTest.framework in Frameworks */,
				CFD6B15D199893560091CD4B /* UIKit.framework in Frameworks */,
				CFD6B15C199893560091CD4B /* Foundation.framework in Frameworks */,
			);
			runOnlyForDeploymentPostprocessing = 0;
		};
/* End PBXFrameworksBuildPhase section */

/* Begin PBXGroup section */
		CFD6B12C199893560091CD4B = {
			isa = PBXGroup;
			children = (
				CFD6B13E199893560091CD4B /* InstaPhoto */,
				CFD6B160199893560091CD4B /* InstaPhotoTests */,
				CFD6B137199893560091CD4B /* Frameworks */,
				CFD6B136199893560091CD4B /* Products */,
			);
			sourceTree = "<group>";
		};
		CFD6B136199893560091CD4B /* Products */ = {
			isa = PBXGroup;
			children = (
				CFD6B135199893560091CD4B /* InstaPhoto.app */,
				CFD6B159199893560091CD4B /* InstaPhotoTests.xctest */,
			);
			name = Products;
			sourceTree = "<group>";
		};
		CFD6B137199893560091CD4B /* Frameworks */ = {
			isa = PBXGroup;
			children = (
				CFD6B138199893560091CD4B /* Foundation.framework */,
				CFD6B13A199893560091CD4B /* CoreGraphics.framework */,
				CFD6B13C199893560091CD4B /* UIKit.framework */,
				CFD6B15A199893560091CD4B /* XCTest.framework */,
			);
			name = Frameworks;
			sourceTree = "<group>";
		};
		CFD6B13E199893560091CD4B /* InstaPhoto */ = {
			isa = PBXGroup;
			children = (
				CFD6B147199893560091CD4B /* AppDelegate.h */,
				CFD6B148199893560091CD4B /* AppDelegate.m */,
				CFD6B14A199893560091CD4B /* Main_iPhone.storyboard */,
				CFD6B14D199893560091CD4B /* Main_iPad.storyboard */,
				CFD6B150199893560091CD4B /* ViewController.h */,
				CFD6B151199893560091CD4B /* ViewController.m */,
				CFD6B153199893560091CD4B /* Images.xcassets */,
				CFD6B13F199893560091CD4B /* Supporting Files */,
			);
			path = InstaPhoto;
			sourceTree = "<group>";
		};
		CFD6B13F199893560091CD4B /* Supporting Files */ = {
			isa = PBXGroup;
			children = (
				CFD6B140199893560091CD4B /* InstaPhoto-Info.plist */,
				CFD6B141199893560091CD4B /* InfoPlist.strings */,
				CFD6B144199893560091CD4B /* main.m */,
				CFD6B146199893560091CD4B /* InstaPhoto-Prefix.pch */,
			);
			name = "Supporting Files";
			sourceTree = "<group>";
		};
		CFD6B160199893560091CD4B /* InstaPhotoTests */ = {
			isa = PBXGroup;
			children = (
				CFD6B166199893560091CD4B /* InstaPhotoTests.m */,
				CFD6B161199893560091CD4B /* Supporting Files */,
			);
			path = InstaPhotoTests;
			sourceTree = "<group>";
		};
		CFD6B161199893560091CD4B /* Supporting Files */ = {
			isa = PBXGroup;
			children = (
				CFD6B162199893560091CD4B /* InstaPhotoTests-Info.plist */,
				CFD6B163199893560091CD4B /* InfoPlist.strings */,
			);
			name = "Supporting Files";
			sourceTree = "<group>";
		};
/* End PBXGroup section */

/* Begin PBXNativeTarget section */
		CFD6B134199893560091CD4B /* InstaPhoto */ = {
			isa = PBXNativeTarget;
			buildConfigurationList = CFD6B16A199893560091CD4B /* Build configuration list for PBXNativeTarget "InstaPhoto" */;
			buildPhases = (
				CFD6B131199893560091CD4B /* Sources */,
				CFD6B132199893560091CD4B /* Frameworks */,
				CFD6B133199893560091CD4B /* Resources */,
			);
			buildRules = (
			);
			dependencies = (
			);
			name = InstaPhoto;
			productName = InstaPhoto;
			productReference = CFD6B135199893560091CD4B /* InstaPhoto.app */;
			productType = "com.apple.product-type.application";
		};
		CFD6B158199893560091CD4B /* InstaPhotoTests */ = {
			isa = PBXNativeTarget;
			buildConfigurationList = CFD6B16D199893560091CD4B /* Build configuration list for PBXNativeTarget "InstaPhotoTests" */;
			buildPhases = (
				CFD6B155199893560091CD4B /* Sources */,
				CFD6B156199893560091CD4B /* Frameworks */,
				CFD6B157199893560091CD4B /* Resources */,
			);
			buildRules = (
			);
			dependencies = (
				CFD6B15F199893560091CD4B /* PBXTargetDependency */,
			);
			name = InstaPhotoTests;
			productName = InstaPhotoTests;
			productReference = CFD6B159199893560091CD4B /* InstaPhotoTests.xctest */;
			productType = "com.apple.product-type.bundle.unit-test";
		};
/* End PBXNativeTarget section */

/* Begin PBXProject section */
		CFD6B12D199893560091CD4B /* Project object */ = {
			isa = PBXProject;
			attributes = {
				LastUpgradeCheck = 0510;
				ORGANIZATIONNAME = "Joao Medrado";
				TargetAttributes = {
					CFD6B158199893560091CD4B = {
						TestTargetID = CFD6B134199893560091CD4B;
					};
				};
			};
			buildConfigurationList = CFD6B130199893560091CD4B /* Build configuration list for PBXProject "InstaPhoto" */;
			compatibilityVersion = "Xcode 3.2";
			developmentRegion = English;
			hasScannedForEncodings = 0;
			knownRegions = (
				en,
				Base,
			);
			mainGroup = CFD6B12C199893560091CD4B;
			productRefGroup = CFD6B136199893560091CD4B /* Products */;
			projectDirPath = "";
			projectRoot = "";
			targets = (
				CFD6B134199893560091CD4B /* InstaPhoto */,
				CFD6B158199893560091CD4B /* InstaPhotoTests */,
			);
		};
/* End PBXProject section */

/* Begin PBXResourcesBuildPhase section */
		CFD6B133199893560091CD4B /* Resources */ = {
			isa = PBXResourcesBuildPhase;
			buildActionMask = 2147483647;
			files = (
				CFD6B14F199893560091CD4B /* Main_iPad.storyboard in Resources */,
				CFD6B154199893560091CD4B /* Images.xcassets in Resources */,
				CFD6B14C199893560091CD4B /* Main_iPhone.storyboard in Resources */,
				CFD6B143199893560091CD4B /* InfoPlist.strings in Resources */,
			);
			runOnlyForDeploymentPostprocessing = 0;
		};
		CFD6B157199893560091CD4B /* Resources */ = {
			isa = PBXResourcesBuildPhase;
			buildActionMask = 2147483647;
			files = (
				CFD6B165199893560091CD4B /* InfoPlist.strings in Resources */,
			);
			runOnlyForDeploymentPostprocessing = 0;
		};
/* End PBXResourcesBuildPhase section */

/* Begin PBXSourcesBuildPhase section */
		CFD6B131199893560091CD4B /* Sources */ = {
			isa = PBXSourcesBuildPhase;
			buildActionMask = 2147483647;
			files = (
				CFD6B152199893560091CD4B /* ViewController.m in Sources */,
				CFD6B149199893560091CD4B /* AppDelegate.m in Sources */,
				CFD6B145199893560091CD4B /* main.m in Sources */,
			);
			runOnlyForDeploymentPostprocessing = 0;
		};
		CFD6B155199893560091CD4B /* Sources */ = {
			isa = PBXSourcesBuildPhase;
			buildActionMask = 2147483647;
			files = (
				CFD6B167199893560091CD4B /* InstaPhotoTests.m in Sources */,
			);
			runOnlyForDeploymentPostprocessing = 0;
		};
/* End PBXSourcesBuildPhase section */

/* Begin PBXTargetDependency section */
		CFD6B15F199893560091CD4B /* PBXTargetDependency */ = {
			isa = PBXTargetDependency;
			target = CFD6B134199893560091CD4B /* InstaPhoto */;
			targetProxy = CFD6B15E199893560091CD4B /* PBXContainerItemProxy */;
		};
/* End PBXTargetDependency section */

/* Begin PBXVariantGroup section */
		CFD6B141199893560091CD4B /* InfoPlist.strings */ = {
			isa = PBXVariantGroup;
			children = (
				CFD6B142199893560091CD4B /* en */,
			);
			name = InfoPlist.strings;
			sourceTree = "<group>";
		};
		CFD6B14A199893560091CD4B /* Main_iPhone.storyboard */ = {
			isa = PBXVariantGroup;
			children = (
				CFD6B14B199893560091CD4B /* Base */,
			);
			name = Main_iPhone.storyboard;
			sourceTree = "<group>";
		};
		CFD6B14D199893560091CD4B /* Main_iPad.storyboard */ = {
			isa = PBXVariantGroup;
			children = (
				CFD6B14E199893560091CD4B /* Base */,
			);
			name = Main_iPad.storyboard;
			sourceTree = "<group>";
		};
		CFD6B163199893560091CD4B /* InfoPlist.strings */ = {
			isa = PBXVariantGroup;
			children = (
				CFD6B164199893560091CD4B /* en */,
			);
			name = InfoPlist.strings;
			sourceTree = "<group>";
		};
/* End PBXVariantGroup section */

/* Begin XCBuildConfiguration section */
		CFD6B168199893560091CD4B /* Debug */ = {
			isa = XCBuildConfiguration;
			buildSettings = {
				ALWAYS_SEARCH_USER_PATHS = NO;
				CLANG_CXX_LANGUAGE_STANDARD = "gnu++0x";
				CLANG_CXX_LIBRARY = "libc++";
				CLANG_ENABLE_MODULES = YES;
				CLANG_ENABLE_OBJC_ARC = YES;
				CLANG_WARN_BOOL_CONVERSION = YES;
				CLANG_WARN_CONSTANT_CONVERSION = YES;
				CLANG_WARN_DIRECT_OBJC_ISA_USAGE = YES_ERROR;
				CLANG_WARN_EMPTY_BODY = YES;
				CLANG_WARN_ENUM_CONVERSION = YES;
				CLANG_WARN_INT_CONVERSION = YES;
				CLANG_WARN_OBJC_ROOT_CLASS = YES_ERROR;
				CLANG_WARN__DUPLICATE_METHOD_MATCH = YES;
				"CODE_SIGN_IDENTITY[sdk=iphoneos*]" = "iPhone Developer";
				COPY_PHASE_STRIP = NO;
				GCC_C_LANGUAGE_STANDARD = gnu99;
				GCC_DYNAMIC_NO_PIC = NO;
				GCC_OPTIMIZATION_LEVEL = 0;
				GCC_PREPROCESSOR_DEFINITIONS = (
					"DEBUG=1",
					"$(inherited)",
				);
				GCC_SYMBOLS_PRIVATE_EXTERN = NO;
				GCC_WARN_64_TO_32_BIT_CONVERSION = YES;
				GCC_WARN_ABOUT_RETURN_TYPE = YES_ERROR;
				GCC_WARN_UNDECLARED_SELECTOR = YES;
				GCC_WARN_UNINITIALIZED_AUTOS = YES_AGGRESSIVE;
				GCC_WARN_UNUSED_FUNCTION = YES;
				GCC_WARN_UNUSED_VARIABLE = YES;
				IPHONEOS_DEPLOYMENT_TARGET = 7.1;
				ONLY_ACTIVE_ARCH = YES;
				SDKROOT = iphoneos;
				TARGETED_DEVICE_FAMILY = "1,2";
			};
			name = Debug;
		};
		CFD6B169199893560091CD4B /* Release */ = {
			isa = XCBuildConfiguration;
			buildSettings = {
				ALWAYS_SEARCH_USER_PATHS = NO;
				CLANG_CXX_LANGUAGE_STANDARD = "gnu++0x";
				CLANG_CXX_LIBRARY = "libc++";
				CLANG_ENABLE_MODULES = YES;
				CLANG_ENABLE_OBJC_ARC = YES;
				CLANG_WARN_BOOL_CONVERSION = YES;
				CLANG_WARN_CONSTANT_CONVERSION = YES;
				CLANG_WARN_DIRECT_OBJC_ISA_USAGE = YES_ERROR;
				CLANG_WARN_EMPTY_BODY = YES;
				CLANG_WARN_ENUM_CONVERSION = YES;
				CLANG_WARN_INT_CONVERSION = YES;
				CLANG_WARN_OBJC_ROOT_CLASS = YES_ERROR;
				CLANG_WARN__DUPLICATE_METHOD_MATCH = YES;
				"CODE_SIGN_IDENTITY[sdk=iphoneos*]" = "iPhone Developer";
				COPY_PHASE_STRIP = YES;
				ENABLE_NS_ASSERTIONS = NO;
				GCC_C_LANGUAGE_STANDARD = gnu99;
				GCC_WARN_64_TO_32_BIT_CONVERSION = YES;
				GCC_WARN_ABOUT_RETURN_TYPE = YES_ERROR;
				GCC_WARN_UNDECLARED_SELECTOR = YES;
				GCC_WARN_UNINITIALIZED_AUTOS = YES_AGGRESSIVE;
				GCC_WARN_UNUSED_FUNCTION = YES;
				GCC_WARN_UNUSED_VARIABLE = YES;
				IPHONEOS_DEPLOYMENT_TARGET = 7.1;
				SDKROOT = iphoneos;
				TARGETED_DEVICE_FAMILY = "1,2";
				VALIDATE_PRODUCT = YES;
			};
			name = Release;
		};
		CFD6B16B199893560091CD4B /* Debug */ = {
			isa = XCBuildConfiguration;
			buildSettings = {
				ASSETCATALOG_COMPILER_APPICON_NAME = AppIcon;
				ASSETCATALOG_COMPILER_LAUNCHIMAGE_NAME = LaunchImage;
				GCC_PRECOMPILE_PREFIX_HEADER = YES;
				GCC_PREFIX_HEADER = "InstaPhoto/InstaPhoto-Prefix.pch";
				INFOPLIST_FILE = "InstaPhoto/InstaPhoto-Info.plist";
				PRODUCT_NAME = "$(TARGET_NAME)";
				WRAPPER_EXTENSION = app;
			};
			name = Debug;
		};
		CFD6B16C199893560091CD4B /* Release */ = {
			isa = XCBuildConfiguration;
			buildSettings = {
				ASSETCATALOG_COMPILER_APPICON_NAME = AppIcon;
				ASSETCATALOG_COMPILER_LAUNCHIMAGE_NAME = LaunchImage;
				GCC_PRECOMPILE_PREFIX_HEADER = YES;
				GCC_PREFIX_HEADER = "InstaPhoto/InstaPhoto-Prefix.pch";
				INFOPLIST_FILE = "InstaPhoto/InstaPhoto-Info.plist";
				PRODUCT_NAME = "$(TARGET_NAME)";
				WRAPPER_EXTENSION = app;
			};
			name = Release;
		};
		CFD6B16E199893560091CD4B /* Debug */ = {
			isa = XCBuildConfiguration;
			buildSettings = {
				BUNDLE_LOADER = "$(BUILT_PRODUCTS_DIR)/InstaPhoto.app/InstaPhoto";
				FRAMEWORK_SEARCH_PATHS = (
					"$(SDKROOT)/Developer/Library/Frameworks",
					"$(inherited)",
					"$(DEVELOPER_FRAMEWORKS_DIR)",
				);
				GCC_PRECOMPILE_PREFIX_HEADER = YES;
				GCC_PREFIX_HEADER = "InstaPhoto/InstaPhoto-Prefix.pch";
				GCC_PREPROCESSOR_DEFINITIONS = (
					"DEBUG=1",
					"$(inherited)",
				);
				INFOPLIST_FILE = "InstaPhotoTests/InstaPhotoTests-Info.plist";
				PRODUCT_NAME = "$(TARGET_NAME)";
				TEST_HOST = "$(BUNDLE_LOADER)";
				WRAPPER_EXTENSION = xctest;
			};
			name = Debug;
		};
		CFD6B16F199893560091CD4B /* Release */ = {
			isa = XCBuildConfiguration;
			buildSettings = {
				BUNDLE_LOADER = "$(BUILT_PRODUCTS_DIR)/InstaPhoto.app/InstaPhoto";
				FRAMEWORK_SEARCH_PATHS = (
					"$(SDKROOT)/Developer/Library/Frameworks",
					"$(inherited)",
					"$(DEVELOPER_FRAMEWORKS_DIR)",
				);
				GCC_PRECOMPILE_PREFIX_HEADER = YES;
				GCC_PREFIX_HEADER = "InstaPhoto/InstaPhoto-Prefix.pch";
				INFOPLIST_FILE = "InstaPhotoTests/InstaPhotoTests-Info.plist";
				PRODUCT_NAME = "$(TARGET_NAME)";
				TEST_HOST = "$(BUNDLE_LOADER)";
				WRAPPER_EXTENSION = xctest;
			};
			name = Release;
		};
/* End XCBuildConfiguration section */

/* Begin XCConfigurationList section */
		CFD6B130199893560091CD4B /* Build configuration list for PBXProject "InstaPhoto" */ = {
			isa = XCConfigurationList;
			buildConfigurations = (
				CFD6B168199893560091CD4B /* Debug */,
				CFD6B169199893560091CD4B /* Release */,
			);
			defaultConfigurationIsVisible = 0;
			defaultConfigurationName = Release;
		};
		CFD6B16A199893560091CD4B /* Build configuration list for PBXNativeTarget "InstaPhoto" */ = {
			isa = XCConfigurationList;
			buildConfigurations = (
				CFD6B16B199893560091CD4B /* Debug */,
				CFD6B16C199893560091CD4B /* Release */,
			);
			defaultConfigurationIsVisible = 0;
		};
		CFD6B16D199893560091CD4B /* Build configuration list for PBXNativeTarget "InstaPhotoTests" */ = {
			isa = XCConfigurationList;
			buildConfigurations = (
				CFD6B16E199893560091CD4B /* Debug */,
				CFD6B16F199893560091CD4B /* Release */,
			);
			defaultConfigurationIsVisible = 0;
		};
/* End XCConfigurationList section */
	};
	rootObject = CFD6B12D199893560091CD4B /* Project object */;
}
